
Microsoft Visual Studio Solution File, Format Version 12.00
# Visual Studio 15
VisualStudioVersion = 15.0.28010.2003
MinimumVisualStudioVersion = 10.0.40219.1
Project("{FAE04EC0-301F-11D3-BF4B-00C04F79EFBC}") = "DinkleBotRebuild", "DinkleBotRebuild.csproj", "{E21EBBB1-6B8A-4C2E-BB72-3CA21743DB75}"
EndProject
Global
	GlobalSection(SolutionConfigurationPlatforms) = preSolution
		Debug|x86 = Debug|x86
		Release|x86 = Release|x86
	EndGlobalSection
	GlobalSection(ProjectConfigurationPlatforms) = postSolution
		{E21EBBB1-6B8A-4C2E-BB72-3CA21743DB75}.Debug|x86.ActiveCfg = Debug|x86
		{E21EBBB1-6B8A-4C2E-BB72-3CA21743DB75}.Debug|x86.Build.0 = Debug|x86
		{E21EBBB1-6B8A-4C2E-BB72-3CA21743DB75}.Release|x86.ActiveCfg = Release|x86
		{E21EBBB1-6B8A-4C2E-BB72-3CA21743DB75}.Release|x86.Build.0 = Release|x86
	EndGlobalSection
	GlobalSection(SolutionProperties) = preSolution
		HideSolutionNode = FALSE
	EndGlobalSection
	GlobalSection(ExtensibilityGlobals) = postSolution
		SolutionGuid = {B2C4E012-1A39-4668-ADF8-86B1F830C943}
	EndGlobalSection
EndGlobal
